// !$*UTF8*$!
{
	archiveVersion = 1;
	classes = {
	};
	objectVersion = 77;
	objects = {

/* Begin PBXBuildFile section */
		025EE69B7CAB1F0F1B28C730 /* positions.json in Resources */ = {isa = PBXBuildFile; fileRef = 0F0C15189D4A45F901EFE3E3 /* positions.json */; };
		105688FB95824CFE2774E209 /* FloatEffects.swift in Sources */ = {isa = PBXBuildFile; fileRef = 440F612B0DBA815B721CCD32 /* FloatEffects.swift */; };
		263A2F718AE03016809F41CC /* LottieAnimator.swift in Sources */ = {isa = PBXBuildFile; fileRef = BA2C118AE486426AC91FA6EB /* LottieAnimator.swift */; };
		2A1C2ACDD55A7CABD6D9AEFB /* SettingsView.swift in Sources */ = {isa = PBXBuildFile; fileRef = 218110A9AFFB0BD8BBBF2B8D /* SettingsView.swift */; };
		38B748E447FF06EC65D3FC02 /* dropdown_entry.json in Resources */ = {isa = PBXBuildFile; fileRef = 329A7A9B66196600C706A371 /* dropdown_entry.json */; };
		3FDECEC56F61445657E65D3F /* FloatNotificationView.swift in Sources */ = {isa = PBXBuildFile; fileRef = 4DACC97B72E843D8F308AB3E /* FloatNotificationView.swift */; };
		4DF1E2C00D13115C9933D6A9 /* SoundManager.swift in Sources */ = {isa = PBXBuildFile; fileRef = 4DEFE1B73525741A71CA3DE3 /* SoundManager.swift */; };
		60EA7C7065C2955E6CFCCBD0 /* Corner.swift in Sources */ = {isa = PBXBuildFile; fileRef = 64F6A91E7F736FCB8819CA6F /* Corner.swift */; };
		63359078DBBA20E551A18811 /* trail_entry.json in Resources */ = {isa = PBXBuildFile; fileRef = 3486C751C77E07CF2BC60B50 /* trail_entry.json */; };
		78A8D17ECED33A449E627504 /* PositionConfigManager.swift in Sources */ = {isa = PBXBuildFile; fileRef = DD3300C41D39AE34907128BD /* PositionConfigManager.swift */; };
		92400EB3439E7EA4DDD9B1B5 /* fade_entry.json in Resources */ = {isa = PBXBuildFile; fileRef = 0E2DED432B173764DA471BAF /* fade_entry.json */; };
		B30711D21D567F22226BE83C /* Assets.xcassets in Resources */ = {isa = PBXBuildFile; fileRef = D5384F019B036F95A28E65D7 /* Assets.xcassets */; };
		C95C6817E7C45A90A43FE657 /* FloatNotificationManager.swift in Sources */ = {isa = PBXBuildFile; fileRef = C2C9FF9FF7D99C1C4BEB05A0 /* FloatNotificationManager.swift */; };
		CB7C73F6C9BF4FB5CFE53039 /* marquee_entry.json in Resources */ = {isa = PBXBuildFile; fileRef = E8C725CAD9973074015DB996 /* marquee_entry.json */; };
		D2675EB7A5C0E61F7B1D9E41 /* image.png in Resources */ = {isa = PBXBuildFile; fileRef = 6CEBB00D5150FD66EDFC06DB /* image.png */; };
		D848384797D3EEC627B875C1 /* slide_entry.json in Resources */ = {isa = PBXBuildFile; fileRef = 5D29D6C3831BDAEAA6A57F50 /* slide_entry.json */; };
		DEC543A6D8097FF90025D3E8 /* Lottie in Frameworks */ = {isa = PBXBuildFile; productRef = 66EF78CC817ABB5716BC5E0D /* Lottie */; };
		E2D967EF728278025832D30D /* exit_slide.json in Resources */ = {isa = PBXBuildFile; fileRef = C99E350187EB98B959FBA420 /* exit_slide.json */; };
		E809983A24A30669CA13B384 /* FloatifyApp.swift in Sources */ = {isa = PBXBuildFile; fileRef = A1B356A433DF882DBFC363E0 /* FloatifyApp.swift */; };
		F0CD4B564D1ECAA6D9FBF60A /* main.swift in Sources */ = {isa = PBXBuildFile; fileRef = 7D0CFF7F45B818C87EFDF510 /* main.swift */; };
		F2C2CF84F2AF4D6427BC1600 /* AppDelegate.swift in Sources */ = {isa = PBXBuildFile; fileRef = D63DAD4239E10639F6510535 /* AppDelegate.swift */; };
		F53714895F8A794904AFE214 /* IdleAnimations.swift in Sources */ = {isa = PBXBuildFile; fileRef = 892D7A3BE27C74A86726CD5D /* IdleAnimations.swift */; };
		F6CCF2164687869393B36160 /* exit_fade.json in Resources */ = {isa = PBXBuildFile; fileRef = 14CB93C3AFE94711410CCED7 /* exit_fade.json */; };
		F99C39E270331F4B91B0D17F /* CursorTracker.swift in Sources */ = {isa = PBXBuildFile; fileRef = 628FC4BFF079783826FBD6EA /* CursorTracker.swift */; };
/* End PBXBuildFile section */

/* Begin PBXFileReference section */
		04830C59EC2F08805CED8332 /* Info.plist */ = {isa = PBXFileReference; lastKnownFileType = text.plist; path = Info.plist; sourceTree = "<group>"; };
		0E2DED432B173764DA471BAF /* fade_entry.json */ = {isa = PBXFileReference; lastKnownFileType = text.json; path = fade_entry.json; sourceTree = "<group>"; };
		0F0C15189D4A45F901EFE3E3 /* positions.json */ = {isa = PBXFileReference; lastKnownFileType = text.json; path = positions.json; sourceTree = "<group>"; };
		14CB93C3AFE94711410CCED7 /* exit_fade.json */ = {isa = PBXFileReference; lastKnownFileType = text.json; path = exit_fade.json; sourceTree = "<group>"; };
		218110A9AFFB0BD8BBBF2B8D /* SettingsView.swift */ = {isa = PBXFileReference; lastKnownFileType = sourcecode.swift; path = SettingsView.swift; sourceTree = "<group>"; };
		329A7A9B66196600C706A371 /* dropdown_entry.json */ = {isa = PBXFileReference; lastKnownFileType = text.json; path = dropdown_entry.json; sourceTree = "<group>"; };
		3486C751C77E07CF2BC60B50 /* trail_entry.json */ = {isa = PBXFileReference; lastKnownFileType = text.json; path = trail_entry.json; sourceTree = "<group>"; };
		440F612B0DBA815B721CCD32 /* FloatEffects.swift */ = {isa = PBXFileReference; lastKnownFileType = sourcecode.swift; path = FloatEffects.swift; sourceTree = "<group>"; };
		4DACC97B72E843D8F308AB3E /* FloatNotificationView.swift */ = {isa = PBXFileReference; lastKnownFileType = sourcecode.swift; path = FloatNotificationView.swift; sourceTree = "<group>"; };
		4DEFE1B73525741A71CA3DE3 /* SoundManager.swift */ = {isa = PBXFileReference; lastKnownFileType = sourcecode.swift; path = SoundManager.swift; sourceTree = "<group>"; };
		5D29D6C3831BDAEAA6A57F50 /* slide_entry.json */ = {isa = PBXFileReference; lastKnownFileType = text.json; path = slide_entry.json; sourceTree = "<group>"; };
		628FC4BFF079783826FBD6EA /* CursorTracker.swift */ = {isa = PBXFileReference; lastKnownFileType = sourcecode.swift; path = CursorTracker.swift; sourceTree = "<group>"; };
		64F6A91E7F736FCB8819CA6F /* Corner.swift */ = {isa = PBXFileReference; lastKnownFileType = sourcecode.swift; path = Corner.swift; sourceTree = "<group>"; };
		696097BA1731283FE8A7584F /* Floatify.app */ = {isa = PBXFileReference; explicitFileType = wrapper.application; includeInIndex = 0; path = Floatify.app; sourceTree = BUILT_PRODUCTS_DIR; };
		6CEBB00D5150FD66EDFC06DB /* image.png */ = {isa = PBXFileReference; lastKnownFileType = image.png; path = image.png; sourceTree = "<group>"; };
		7D0CFF7F45B818C87EFDF510 /* main.swift */ = {isa = PBXFileReference; lastKnownFileType = sourcecode.swift; path = main.swift; sourceTree = "<group>"; };
		889D2E95327A399171312B59 /* Info.plist */ = {isa = PBXFileReference; lastKnownFileType = text.plist; path = Info.plist; sourceTree = "<group>"; };
		892D7A3BE27C74A86726CD5D /* IdleAnimations.swift */ = {isa = PBXFileReference; lastKnownFileType = sourcecode.swift; path = IdleAnimations.swift; sourceTree = "<group>"; };
		A1B356A433DF882DBFC363E0 /* FloatifyApp.swift */ = {isa = PBXFileReference; lastKnownFileType = sourcecode.swift; path = FloatifyApp.swift; sourceTree = "<group>"; };
		B0FB1358410034C55CF7BF79 /* floatify */ = {isa = PBXFileReference; includeInIndex = 0; path = floatify; sourceTree = BUILT_PRODUCTS_DIR; };
		BA2C118AE486426AC91FA6EB /* LottieAnimator.swift */ = {isa = PBXFileReference; lastKnownFileType = sourcecode.swift; path = LottieAnimator.swift; sourceTree = "<group>"; };
		C2C9FF9FF7D99C1C4BEB05A0 /* FloatNotificationManager.swift */ = {isa = PBXFileReference; lastKnownFileType = sourcecode.swift; path = FloatNotificationManager.swift; sourceTree = "<group>"; };
		C99E350187EB98B959FBA420 /* exit_slide.json */ = {isa = PBXFileReference; lastKnownFileType = text.json; path = exit_slide.json; sourceTree = "<group>"; };
		D5384F019B036F95A28E65D7 /* Assets.xcassets */ = {isa = PBXFileReference; lastKnownFileType = folder.assetcatalog; path = Assets.xcassets; sourceTree = "<group>"; };
		D63DAD4239E10639F6510535 /* AppDelegate.swift */ = {isa = PBXFileReference; lastKnownFileType = sourcecode.swift; path = AppDelegate.swift; sourceTree = "<group>"; };
		DD3300C41D39AE34907128BD /* PositionConfigManager.swift */ = {isa = PBXFileReference; lastKnownFileType = sourcecode.swift; path = PositionConfigManager.swift; sourceTree = "<group>"; };
		E8C725CAD9973074015DB996 /* marquee_entry.json */ = {isa = PBXFileReference; lastKnownFileType = text.json; path = marquee_entry.json; sourceTree = "<group>"; };
/* End PBXFileReference section */

/* Begin PBXFrameworksBuildPhase section */
		A2FAA590DD55182EA95D5A29 /* Frameworks */ = {
			isa = PBXFrameworksBuildPhase;
			buildActionMask = 2147483647;
			files = (
				DEC543A6D8097FF90025D3E8 /* Lottie in Frameworks */,
			);
			runOnlyForDeploymentPostprocessing = 0;
		};
/* End PBXFrameworksBuildPhase section */

/* Begin PBXGroup section */
		08D719EA3F4F233E5089617E /* floatify */ = {
			isa = PBXGroup;
			children = (
				6CEBB00D5150FD66EDFC06DB /* image.png */,
			);
			name = floatify;
			path = ..;
			sourceTree = "<group>";
		};
		37A2BBC9F04EC4B583915000 /* Products */ = {
			isa = PBXGroup;
			children = (
				B0FB1358410034C55CF7BF79 /* floatify */,
				696097BA1731283FE8A7584F /* Floatify.app */,
			);
			name = Products;
			sourceTree = "<group>";
		};
		688110CEE6DF412BC5AC24C6 /* cli */ = {
			isa = PBXGroup;
			children = (
				04830C59EC2F08805CED8332 /* Info.plist */,
				7D0CFF7F45B818C87EFDF510 /* main.swift */,
			);
			name = cli;
			path = Floatify/cli;
			sourceTree = "<group>";
		};
		751DFE3A98D80BAF157667D1 = {
			isa = PBXGroup;
			children = (
				688110CEE6DF412BC5AC24C6 /* cli */,
				A3A235D9D57C050153F3037B /* Floatify */,
				08D719EA3F4F233E5089617E /* floatify */,
				37A2BBC9F04EC4B583915000 /* Products */,
			);
			sourceTree = "<group>";
		};
		9047FA5EE0D7C43B096D954B /* Animations */ = {
			isa = PBXGroup;
			children = (
				329A7A9B66196600C706A371 /* dropdown_entry.json */,
				14CB93C3AFE94711410CCED7 /* exit_fade.json */,
				C99E350187EB98B959FBA420 /* exit_slide.json */,
				0E2DED432B173764DA471BAF /* fade_entry.json */,
				E8C725CAD9973074015DB996 /* marquee_entry.json */,
				5D29D6C3831BDAEAA6A57F50 /* slide_entry.json */,
				3486C751C77E07CF2BC60B50 /* trail_entry.json */,
			);
			path = Animations;
			sourceTree = "<group>";
		};
		A3A235D9D57C050153F3037B /* Floatify */ = {
			isa = PBXGroup;
			children = (
				D63DAD4239E10639F6510535 /* AppDelegate.swift */,
				D5384F019B036F95A28E65D7 /* Assets.xcassets */,
				64F6A91E7F736FCB8819CA6F /* Corner.swift */,
				628FC4BFF079783826FBD6EA /* CursorTracker.swift */,
				440F612B0DBA815B721CCD32 /* FloatEffects.swift */,
				A1B356A433DF882DBFC363E0 /* FloatifyApp.swift */,
				C2C9FF9FF7D99C1C4BEB05A0 /* FloatNotificationManager.swift */,
				4DACC97B72E843D8F308AB3E /* FloatNotificationView.swift */,
				892D7A3BE27C74A86726CD5D /* IdleAnimations.swift */,
				889D2E95327A399171312B59 /* Info.plist */,
				BA2C118AE486426AC91FA6EB /* LottieAnimator.swift */,
				DD3300C41D39AE34907128BD /* PositionConfigManager.swift */,
				218110A9AFFB0BD8BBBF2B8D /* SettingsView.swift */,
				4DEFE1B73525741A71CA3DE3 /* SoundManager.swift */,
				DF3AD548F6AE135DB258AE2A /* Resources */,
			);
			path = Floatify;
			sourceTree = "<group>";
		};
		DF3AD548F6AE135DB258AE2A /* Resources */ = {
			isa = PBXGroup;
			children = (
				0F0C15189D4A45F901EFE3E3 /* positions.json */,
				9047FA5EE0D7C43B096D954B /* Animations */,
			);
			path = Resources;
			sourceTree = "<group>";
		};
/* End PBXGroup section */

/* Begin PBXNativeTarget section */
		7ADCF5B42B329578AE70968F /* floatify */ = {
			isa = PBXNativeTarget;
			buildConfigurationList = 4A6165BB599144AFF6FDF76C /* Build configuration list for PBXNativeTarget "floatify" */;
			buildPhases = (
				B1F8A1F38355660BA95982CE /* Sources */,
			);
			buildRules = (
			);
			dependencies = (
			);
			name = floatify;
			packageProductDependencies = (
			);
			productName = floatify;
			productReference = B0FB1358410034C55CF7BF79 /* floatify */;
			productType = "com.apple.product-type.tool";
		};
		8679BC14733EB04B5108C057 /* Floatify */ = {
			isa = PBXNativeTarget;
			buildConfigurationList = 0A8038578C0DC5908F6D0165 /* Build configuration list for PBXNativeTarget "Floatify" */;
			buildPhases = (
				2FD410FA59565145EC6878AF /* Sources */,
				10CA4817F317613084D5FC47 /* Resources */,
				A2FAA590DD55182EA95D5A29 /* Frameworks */,
			);
			buildRules = (
			);
			dependencies = (
			);
			name = Floatify;
			packageProductDependencies = (
				66EF78CC817ABB5716BC5E0D /* Lottie */,
			);
			productName = Floatify;
			productReference = 696097BA1731283FE8A7584F /* Floatify.app */;
			productType = "com.apple.product-type.application";
		};
/* End PBXNativeTarget section */

/* Begin PBXProject section */
		BAB3750650B0459D07BE79ED /* Project object */ = {
			isa = PBXProject;
			attributes = {
				BuildIndependentTargetsInParallel = YES;
				LastUpgradeCheck = 1500;
				TargetAttributes = {
					7ADCF5B42B329578AE70968F = {
						ProvisioningStyle = Automatic;
					};
					8679BC14733EB04B5108C057 = {
						ProvisioningStyle = Automatic;
					};
				};
			};
			buildConfigurationList = 4A5A61AEA0BAA0F58B987CA7 /* Build configuration list for PBXProject "Floatify" */;
			developmentRegion = en;
			hasScannedForEncodings = 0;
			knownRegions = (
				Base,
				en,
			);
			mainGroup = 751DFE3A98D80BAF157667D1;
			minimizedProjectReferenceProxies = 1;
			packageReferences = (
				890FD2431DCFE7C1CC15E03C /* XCRemoteSwiftPackageReference "lottie-ios" */,
			);
			preferredProjectObjectVersion = 77;
			productRefGroup = 37A2BBC9F04EC4B583915000 /* Products */;
			projectDirPath = "";
			projectRoot = "";
			targets = (
				8679BC14733EB04B5108C057 /* Floatify */,
				7ADCF5B42B329578AE70968F /* floatify */,
			);
		};
/* End PBXProject section */

/* Begin PBXResourcesBuildPhase section */
		10CA4817F317613084D5FC47 /* Resources */ = {
			isa = PBXResourcesBuildPhase;
			buildActionMask = 2147483647;
			files = (
				B30711D21D567F22226BE83C /* Assets.xcassets in Resources */,
				38B748E447FF06EC65D3FC02 /* dropdown_entry.json in Resources */,
				F6CCF2164687869393B36160 /* exit_fade.json in Resources */,
				E2D967EF728278025832D30D /* exit_slide.json in Resources */,
				92400EB3439E7EA4DDD9B1B5 /* fade_entry.json in Resources */,
				D2675EB7A5C0E61F7B1D9E41 /* image.png in Resources */,
				CB7C73F6C9BF4FB5CFE53039 /* marquee_entry.json in Resources */,
				025EE69B7CAB1F0F1B28C730 /* positions.json in Resources */,
				D848384797D3EEC627B875C1 /* slide_entry.json in Resources */,
				63359078DBBA20E551A18811 /* trail_entry.json in Resources */,
			);
			runOnlyForDeploymentPostprocessing = 0;
		};
/* End PBXResourcesBuildPhase section */

/* Begin PBXSourcesBuildPhase section */
		2FD410FA59565145EC6878AF /* Sources */ = {
			isa = PBXSourcesBuildPhase;
			buildActionMask = 2147483647;
			files = (
				F2C2CF84F2AF4D6427BC1600 /* AppDelegate.swift in Sources */,
				60EA7C7065C2955E6CFCCBD0 /* Corner.swift in Sources */,
				F99C39E270331F4B91B0D17F /* CursorTracker.swift in Sources */,
				105688FB95824CFE2774E209 /* FloatEffects.swift in Sources */,
				C95C6817E7C45A90A43FE657 /* FloatNotificationManager.swift in Sources */,
				3FDECEC56F61445657E65D3F /* FloatNotificationView.swift in Sources */,
				E809983A24A30669CA13B384 /* FloatifyApp.swift in Sources */,
				F53714895F8A794904AFE214 /* IdleAnimations.swift in Sources */,
				263A2F718AE03016809F41CC /* LottieAnimator.swift in Sources */,
				78A8D17ECED33A449E627504 /* PositionConfigManager.swift in Sources */,
				2A1C2ACDD55A7CABD6D9AEFB /* SettingsView.swift in Sources */,
				4DF1E2C00D13115C9933D6A9 /* SoundManager.swift in Sources */,
			);
			runOnlyForDeploymentPostprocessing = 0;
		};
		B1F8A1F38355660BA95982CE /* Sources */ = {
			isa = PBXSourcesBuildPhase;
			buildActionMask = 2147483647;
			files = (
				F0CD4B564D1ECAA6D9FBF60A /* main.swift in Sources */,
			);
			runOnlyForDeploymentPostprocessing = 0;
		};
/* End PBXSourcesBuildPhase section */

/* Begin XCBuildConfiguration section */
		212B8B6356CB67B45943EF8B /* Release */ = {
			isa = XCBuildConfiguration;
			buildSettings = {
				ASSETCATALOG_COMPILER_APPICON_NAME = AppIcon;
				CODE_SIGN_STYLE = Automatic;
				COMBINE_HIDPI_IMAGES = YES;
				ENABLE_HARDENED_RUNTIME = YES;
				INFOPLIST_FILE = Floatify/Info.plist;
				LD_RUNPATH_SEARCH_PATHS = "@executable_path/../Frameworks";
				PRODUCT_BUNDLE_IDENTIFIER = com.floatify.app;
				SDKROOT = macosx;
			};
			name = Release;
		};
		29A5360308CCA9E8A28A4DD6 /* Debug */ = {
			isa = XCBuildConfiguration;
			buildSettings = {
				CODE_SIGN_STYLE = Automatic;
				COMBINE_HIDPI_IMAGES = YES;
				INFOPLIST_FILE = Floatify/cli/Info.plist;
				LD_RUNPATH_SEARCH_PATHS = "@executable_path/../Frameworks";
				PRODUCT_BUNDLE_IDENTIFIER = com.floatify.cli;
				SDKROOT = macosx;
				SKIP_INSTALL = YES;
			};
			name = Debug;
		};
		463640069F356AD734CADA6C /* Release */ = {
			isa = XCBuildConfiguration;
			buildSettings = {
				ALWAYS_SEARCH_USER_PATHS = NO;
				CLANG_ANALYZER_NONNULL = YES;
				CLANG_ANALYZER_NUMBER_OBJECT_CONVERSION = YES_AGGRESSIVE;
				CLANG_CXX_LANGUAGE_STANDARD = "gnu++14";
				CLANG_CXX_LIBRARY = "libc++";
				CLANG_ENABLE_MODULES = YES;
				CLANG_ENABLE_OBJC_ARC = YES;
				CLANG_ENABLE_OBJC_WEAK = YES;
				CLANG_WARN_BLOCK_CAPTURE_AUTORELEASING = YES;
				CLANG_WARN_BOOL_CONVERSION = YES;
				CLANG_WARN_COMMA = YES;
				CLANG_WARN_CONSTANT_CONVERSION = YES;
				CLANG_WARN_DEPRECATED_OBJC_IMPLEMENTATIONS = YES;
				CLANG_WARN_DIRECT_OBJC_ISA_USAGE = YES_ERROR;
				CLANG_WARN_DOCUMENTATION_COMMENTS = YES;
				CLANG_WARN_EMPTY_BODY = YES;
				CLANG_WARN_ENUM_CONVERSION = YES;
				CLANG_WARN_INFINITE_RECURSION = YES;
				CLANG_WARN_INT_CONVERSION = YES;
				CLANG_WARN_NON_LITERAL_NULL_CONVERSION = YES;
				CLANG_WARN_OBJC_IMPLICIT_RETAIN_SELF = YES;
				CLANG_WARN_OBJC_LITERAL_CONVERSION = YES;
				CLANG_WARN_OBJC_ROOT_CLASS = YES_ERROR;
				CLANG_WARN_QUOTED_INCLUDE_IN_FRAMEWORK_HEADER = YES;
				CLANG_WARN_RANGE_LOOP_ANALYSIS = YES;
				CLANG_WARN_STRICT_PROTOTYPES = YES;
				CLANG_WARN_SUSPICIOUS_MOVE = YES;
				CLANG_WARN_UNGUARDED_AVAILABILITY = YES_AGGRESSIVE;
				CLANG_WARN_UNREACHABLE_CODE = YES;
				CLANG_WARN__DUPLICATE_METHOD_MATCH = YES;
				COPY_PHASE_STRIP = NO;
				DEBUG_INFORMATION_FORMAT = "dwarf-with-dsym";
				ENABLE_NS_ASSERTIONS = NO;
				ENABLE_STRICT_OBJC_MSGSEND = YES;
				GCC_C_LANGUAGE_STANDARD = gnu11;
				GCC_NO_COMMON_BLOCKS = YES;
				GCC_WARN_64_TO_32_BIT_CONVERSION = YES;
				GCC_WARN_ABOUT_RETURN_TYPE = YES_ERROR;
				GCC_WARN_UNDECLARED_SELECTOR = YES;
				GCC_WARN_UNINITIALIZED_AUTOS = YES_AGGRESSIVE;
				GCC_WARN_UNUSED_FUNCTION = YES;
				GCC_WARN_UNUSED_VARIABLE = YES;
				MACOSX_DEPLOYMENT_TARGET = 13.0;
				MTL_ENABLE_DEBUG_INFO = NO;
				MTL_FAST_MATH = YES;
				PRODUCT_NAME = "$(TARGET_NAME)";
				SDKROOT = macosx;
				SWIFT_COMPILATION_MODE = wholemodule;
				SWIFT_OPTIMIZATION_LEVEL = "-O";
				SWIFT_VERSION = 5.9;
			};
			name = Release;
		};
		584E996B18EE4673A274F2D5 /* Debug */ = {
			isa = XCBuildConfiguration;
			buildSettings = {
				ALWAYS_SEARCH_USER_PATHS = NO;
				CLANG_ANALYZER_NONNULL = YES;
				CLANG_ANALYZER_NUMBER_OBJECT_CONVERSION = YES_AGGRESSIVE;
				CLANG_CXX_LANGUAGE_STANDARD = "gnu++14";
				CLANG_CXX_LIBRARY = "libc++";
				CLANG_ENABLE_MODULES = YES;
				CLANG_ENABLE_OBJC_ARC = YES;
				CLANG_ENABLE_OBJC_WEAK = YES;
				CLANG_WARN_BLOCK_CAPTURE_AUTORELEASING = YES;
				CLANG_WARN_BOOL_CONVERSION = YES;
				CLANG_WARN_COMMA = YES;
				CLANG_WARN_CONSTANT_CONVERSION = YES;
				CLANG_WARN_DEPRECATED_OBJC_IMPLEMENTATIONS = YES;
				CLANG_WARN_DIRECT_OBJC_ISA_USAGE = YES_ERROR;
				CLANG_WARN_DOCUMENTATION_COMMENTS = YES;
				CLANG_WARN_EMPTY_BODY = YES;
				CLANG_WARN_ENUM_CONVERSION = YES;
				CLANG_WARN_INFINITE_RECURSION = YES;
				CLANG_WARN_INT_CONVERSION = YES;
				CLANG_WARN_NON_LITERAL_NULL_CONVERSION = YES;
				CLANG_WARN_OBJC_IMPLICIT_RETAIN_SELF = YES;
				CLANG_WARN_OBJC_LITERAL_CONVERSION = YES;
				CLANG_WARN_OBJC_ROOT_CLASS = YES_ERROR;
				CLANG_WARN_QUOTED_INCLUDE_IN_FRAMEWORK_HEADER = YES;
				CLANG_WARN_RANGE_LOOP_ANALYSIS = YES;
				CLANG_WARN_STRICT_PROTOTYPES = YES;
				CLANG_WARN_SUSPICIOUS_MOVE = YES;
				CLANG_WARN_UNGUARDED_AVAILABILITY = YES_AGGRESSIVE;
				CLANG_WARN_UNREACHABLE_CODE = YES;
				CLANG_WARN__DUPLICATE_METHOD_MATCH = YES;
				COPY_PHASE_STRIP = NO;
				DEBUG_INFORMATION_FORMAT = dwarf;
				ENABLE_STRICT_OBJC_MSGSEND = YES;
				ENABLE_TESTABILITY = YES;
				GCC_C_LANGUAGE_STANDARD = gnu11;
				GCC_DYNAMIC_NO_PIC = NO;
				GCC_NO_COMMON_BLOCKS = YES;
				GCC_OPTIMIZATION_LEVEL = 0;
				GCC_PREPROCESSOR_DEFINITIONS = (
					"$(inherited)",
					"DEBUG=1",
				);
				GCC_WARN_64_TO_32_BIT_CONVERSION = YES;
				GCC_WARN_ABOUT_RETURN_TYPE = YES_ERROR;
				GCC_WARN_UNDECLARED_SELECTOR = YES;
				GCC_WARN_UNINITIALIZED_AUTOS = YES_AGGRESSIVE;
				GCC_WARN_UNUSED_FUNCTION = YES;
				GCC_WARN_UNUSED_VARIABLE = YES;
				MACOSX_DEPLOYMENT_TARGET = 13.0;
				MTL_ENABLE_DEBUG_INFO = INCLUDE_SOURCE;
				MTL_FAST_MATH = YES;
				ONLY_ACTIVE_ARCH = YES;
				PRODUCT_NAME = "$(TARGET_NAME)";
				SDKROOT = macosx;
				SWIFT_ACTIVE_COMPILATION_CONDITIONS = DEBUG;
				SWIFT_OPTIMIZATION_LEVEL = "-Onone";
				SWIFT_VERSION = 5.9;
			};
			name = Debug;
		};
		71D8A515F8B1B72E0619B4AB /* Debug */ = {
			isa = XCBuildConfiguration;
			buildSettings = {
				ASSETCATALOG_COMPILER_APPICON_NAME = AppIcon;
				CODE_SIGN_STYLE = Automatic;
				COMBINE_HIDPI_IMAGES = YES;
				ENABLE_HARDENED_RUNTIME = YES;
				INFOPLIST_FILE = Floatify/Info.plist;
				LD_RUNPATH_SEARCH_PATHS = "@executable_path/../Frameworks";
				PRODUCT_BUNDLE_IDENTIFIER = com.floatify.app;
				SDKROOT = macosx;
			};
			name = Debug;
		};
		DE4A0F263245B89429E2CEB6 /* Release */ = {
			isa = XCBuildConfiguration;
			buildSettings = {
				CODE_SIGN_STYLE = Automatic;
				COMBINE_HIDPI_IMAGES = YES;
				INFOPLIST_FILE = Floatify/cli/Info.plist;
				LD_RUNPATH_SEARCH_PATHS = "@executable_path/../Frameworks";
				PRODUCT_BUNDLE_IDENTIFIER = com.floatify.cli;
				SDKROOT = macosx;
				SKIP_INSTALL = YES;
			};
			name = Release;
		};
/* End XCBuildConfiguration section */

/* Begin XCConfigurationList section */
		0A8038578C0DC5908F6D0165 /* Build configuration list for PBXNativeTarget "Floatify" */ = {
			isa = XCConfigurationList;
			buildConfigurations = (
				71D8A515F8B1B72E0619B4AB /* Debug */,
				212B8B6356CB67B45943EF8B /* Release */,
			);
			defaultConfigurationIsVisible = 0;
			defaultConfigurationName = Debug;
		};
		4A5A61AEA0BAA0F58B987CA7 /* Build configuration list for PBXProject "Floatify" */ = {
			isa = XCConfigurationList;
			buildConfigurations = (
				584E996B18EE4673A274F2D5 /* Debug */,
				463640069F356AD734CADA6C /* Release */,
			);
			defaultConfigurationIsVisible = 0;
			defaultConfigurationName = Debug;
		};
		4A6165BB599144AFF6FDF76C /* Build configuration list for PBXNativeTarget "floatify" */ = {
			isa = XCConfigurationList;
			buildConfigurations = (
				29A5360308CCA9E8A28A4DD6 /* Debug */,
				DE4A0F263245B89429E2CEB6 /* Release */,
			);
			defaultConfigurationIsVisible = 0;
			defaultConfigurationName = Debug;
		};
/* End XCConfigurationList section */

/* Begin XCRemoteSwiftPackageReference section */
		890FD2431DCFE7C1CC15E03C /* XCRemoteSwiftPackageReference "lottie-ios" */ = {
			isa = XCRemoteSwiftPackageReference;
			repositoryURL = "https://github.com/airbnb/lottie-ios";
			requirement = {
				kind = upToNextMajorVersion;
				minimumVersion = 4.4.0;
			};
		};
/* End XCRemoteSwiftPackageReference section */

/* Begin XCSwiftPackageProductDependency section */
		66EF78CC817ABB5716BC5E0D /* Lottie */ = {
			isa = XCSwiftPackageProductDependency;
			package = 890FD2431DCFE7C1CC15E03C /* XCRemoteSwiftPackageReference "lottie-ios" */;
			productName = Lottie;
		};
/* End XCSwiftPackageProductDependency section */
	};
	rootObject = BAB3750650B0459D07BE79ED /* Project object */;
}
